version = 1
revision = 3
requires-python = ">=3.12"

[[package]]
name = "colorama"
version = "0.4.6"
source = { registry = "https://pypi.org/simple" }
sdist = { url = "https://files.pythonhosted.org/packages/d8/53/6f443c9a4a8358a93a6792e2acffb9d9d5cb0a5cfd8802644b7b1c9a02e4/colorama-0.4.6.tar.gz", hash = "sha256:08695f5cb7ed6e0531a20572697297273c47b8cae5a63ffc6d6ed5c201be6e44", size = 27697, upload-time = "2022-10-25T02:36:22.414Z" }
wheels = [
    { url = "https://files.pythonhosted.org/packages/d1/d6/3965ed04c63042e047cb6a3e6ed1a63a35087b6a609aa3a15ed8ac56c221/colorama-0.4.6-py2.py3-none-any.whl", hash = "sha256:4f1d9991f5acc0ca119f9d443620b77f9d6b33703e51011c16baf57afb285fc6", size = 25335, upload-time = "2022-10-25T02:36:20.889Z" },
]

[[package]]
name = "iniconfig"
version = "2.3.0"
source = { registry = "https://pypi.org/simple" }
sdist = { url = "https://files.pythonhosted.org/packages/72/34/14ca021ce8e5dfedc35312d08ba8bf51fdd999c576889fc2c24cb97f4f10/iniconfig-2.3.0.tar.gz", hash = "sha256:c76315c77db068650d49c5b56314774a7804df16fee4402c1f19d6d15d8c4730", size = 20503, upload-time = "2025-10-18T21:55:43.219Z" }
wheels = [
    { url = "https://files.pythonhosted.org/packages/cb/b1/3846dd7f199d53cb17f49cba7e651e9ce294d8497c8c150530ed11865bb8/iniconfig-2.3.0-py3-none-any.whl", hash = "sha256:f631c04d2c48c52b84d0d0549c99ff3859c98df65b3101406327ecc7d53fbf12", size = 7484, upload-time = "2025-10-18T21:55:41.639Z" },
]

[[package]]
name = "packaging"
version = "25.0"
source = { registry = "https://pypi.org/simple" }
sdist = { url = "https://files.pythonhosted.org/packages/a1/d4/1fc4078c65507b51b96ca8f8c3ba19e6a61c8253c72794544580a7b6c24d/packaging-25.0.tar.gz", hash = "sha256:d443872c98d677bf60f6a1f2f8c1cb748e8fe762d2bf9d3148b5599295b0fc4f", size = 165727, upload-time = "2025-04-19T11:48:59.673Z" }
wheels = [
    { url = "https://files.pythonhosted.org/packages/20/12/38679034af332785aac8774540895e234f4d07f7545804097de4b666afd8/packaging-25.0-py3-none-any.whl", hash = "sha256:29572ef2b1f17581046b3a2227d5c611fb25ec70ca1ba8554b24b0e69331a484", size = 66469, upload-time = "2025-04-19T11:48:57.875Z" },
]

[[package]]
name = "pluggy"
version = "1.6.0"
source = { registry = "https://pypi.org/simple" }
sdist = { url = "https://files.pythonhosted.org/packages/f9/e2/3e91f31a7d2b083fe6ef3fa267035b518369d9511ffab804f839851d2779/pluggy-1.6.0.tar.gz", hash = "sha256:7dcc130b76258d33b90f61b658791dede3486c3e6bfb003ee5c9bfb396dd22f3", size = 69412, upload-time = "2025-05-15T12:30:07.975Z" }
wheels = [
    { url = "https://files.pythonhosted.org/packages/54/20/4d324d65cc6d9205fabedc306948156824eb9f0ee1633355a8f7ec5c66bf/pluggy-1.6.0-py3-none-any.whl", hash = "sha256:e920276dd6813095e9377c0bc5566d94c932c33b27a3e3945d8389c374dd4746", size = 20538, upload-time = "2025-05-15T12:30:06.134Z" },
]

[[package]]
name = "pygments"
version = "2.19.2"
source = { registry = "https://pypi.org/simple" }
sdist = { url = "https://files.pythonhosted.org/packages/b0/77/a5b8c569bf593b0140bde72ea885a803b82086995367bf2037de0159d924/pygments-2.19.2.tar.gz", hash = "sha256:636cb2477cec7f8952536970bc533bc43743542f70392ae026374600add5b887", size = 4968631, upload-time = "2025-06-21T13:39:12.283Z" }
wheels = [
    { url = "https://files.pythonhosted.org/packages/c7/21/705964c7812476f378728bdf590ca4b771ec72385c533964653c68e86bdc/pygments-2.19.2-py3-none-any.whl", hash = "sha256:86540386c03d588bb81d44bc3928634ff26449851e99741617ecb9037ee5ec0b", size = 1225217, upload-time = "2025-06-21T13:39:07.939Z" },
]

[[package]]
name = "pytest"
version = "8.4.2"
source = { registry = "https://pypi.org/simple" }
dependencies = [
    { name = "colorama", marker = "sys_platform == 'win32'" },
    { name = "iniconfig" },
    { name = "packaging" },
    { name = "pluggy" },
    { name = "pygments" },
]
sdist = { url = "https://files.pythonhosted.org/packages/a3/5c/00a0e072241553e1a7496d638deababa67c5058571567b92a7eaa258397c/pytest-8.4.2.tar.gz", hash = "sha256:86c0d0b93306b961d58d62a4db4879f27fe25513d4b969df351abdddb3c30e01", size = 1519618, upload-time = "2025-09-04T14:34:22.711Z" }
wheels = [
    { url = "https://files.pythonhosted.org/packages/a8/a4/20da314d277121d6534b3a980b29035dcd51e6744bd79075a6ce8fa4eb8d/pytest-8.4.2-py3-none-any.whl", hash = "sha256:872f880de3fc3a5bdc88a11b39c9710c3497a547cfa9320bc3c5e62fbf272e79", size = 365750, upload-time = "2025-09-04T14:34:20.226Z" },
]

[[package]]
name = "ruff"
version = "0.14.1"
source = { registry = "https://pypi.org/simple" }
sdist = { url = "https://files.pythonhosted.org/packages/9e/58/6ca66896635352812de66f71cdf9ff86b3a4f79071ca5730088c0cd0fc8d/ruff-0.14.1.tar.gz", hash = "sha256:1dd86253060c4772867c61791588627320abcb6ed1577a90ef432ee319729b69", size = 5513429, upload-time = "2025-10-16T18:05:41.766Z" }
wheels = [
    { url = "https://files.pythonhosted.org/packages/8d/39/9cc5ab181478d7a18adc1c1e051a84ee02bec94eb9bdfd35643d7c74ca31/ruff-0.14.1-py3-none-linux_armv6l.whl", hash = "sha256:083bfc1f30f4a391ae09c6f4f99d83074416b471775b59288956f5bc18e82f8b", size = 12445415, upload-time = "2025-10-16T18:04:48.227Z" },
    { url = "https://files.pythonhosted.org/packages/ef/2e/1226961855ccd697255988f5a2474890ac7c5863b080b15bd038df820818/ruff-0.14.1-py3-none-macosx_10_12_x86_64.whl", hash = "sha256:f6fa757cd717f791009f7669fefb09121cc5f7d9bd0ef211371fad68c2b8b224", size = 12784267, upload-time = "2025-10-16T18:04:52.515Z" },
    { url = "https://files.pythonhosted.org/packages/c1/ea/fd9e95863124ed159cd0667ec98449ae461de94acda7101f1acb6066da00/ruff-0.14.1-py3-none-macosx_11_0_arm64.whl", hash = "sha256:d6191903d39ac156921398e9c86b7354d15e3c93772e7dbf26c9fcae59ceccd5", size = 11781872, upload-time = "2025-10-16T18:04:55.396Z" },
    { url = "https://files.pythonhosted.org/packages/1e/5a/e890f7338ff537dba4589a5e02c51baa63020acfb7c8cbbaea4831562c96/ruff-0.14.1-py3-none-manylinux_2_17_aarch64.manylinux2014_aarch64.whl", hash = "sha256:ed04f0e04f7a4587244e5c9d7df50e6b5bf2705d75059f409a6421c593a35896", size = 12226558, upload-time = "2025-10-16T18:04:58.166Z" },
    { url = "https://files.pythonhosted.org/packages/a6/7a/8ab5c3377f5bf31e167b73651841217542bcc7aa1c19e83030835cc25204/ruff-0.14.1-py3-none-manylinux_2_17_armv7l.manylinux2014_armv7l.whl", hash = "sha256:5c9e6cf6cd4acae0febbce29497accd3632fe2025c0c583c8b87e8dbdeae5f61", size = 12187898, upload-time = "2025-10-16T18:05:01.455Z" },
    { url = "https://files.pythonhosted.org/packages/48/8d/ba7c33aa55406955fc124e62c8259791c3d42e3075a71710fdff9375134f/ruff-0.14.1-py3-none-manylinux_2_17_i686.manylinux2014_i686.whl", hash = "sha256:a6fa2458527794ecdfbe45f654e42c61f2503a230545a91af839653a0a93dbc6", size = 12939168, upload-time = "2025-10-16T18:05:04.397Z" },
    { url = "https://files.pythonhosted.org/packages/b4/c2/70783f612b50f66d083380e68cbd1696739d88e9b4f6164230375532c637/ruff-0.14.1-py3-none-manylinux_2_17_ppc64.manylinux2014_ppc64.whl", hash = "sha256:39f1c392244e338b21d42ab29b8a6392a722c5090032eb49bb4d6defcdb34345", size = 14386942, upload-time = "2025-10-16T18:05:07.102Z" },
    { url = "https://files.pythonhosted.org/packages/48/44/cd7abb9c776b66d332119d67f96acf15830d120f5b884598a36d9d3f4d83/ruff-0.14.1-py3-none-manylinux_2_17_ppc64le.manylinux2014_ppc64le.whl", hash = "sha256:7382fa12a26cce1f95070ce450946bec357727aaa428983036362579eadcc5cf", size = 13990622, upload-time = "2025-10-16T18:05:09.882Z" },
    { url = "https://files.pythonhosted.org/packages/eb/56/4259b696db12ac152fe472764b4f78bbdd9b477afd9bc3a6d53c01300b37/ruff-0.14.1-py3-none-manylinux_2_17_s390x.manylinux2014_s390x.whl", hash = "sha256:dd0bf2be3ae8521e1093a487c4aa3b455882f139787770698530d28ed3fbb37c", size = 13431143, upload-time = "2025-10-16T18:05:13.46Z" },
    { url = "https://files.pythonhosted.org/packages/e0/35/266a80d0eb97bd224b3265b9437bd89dde0dcf4faf299db1212e81824e7e/ruff-0.14.1-py3-none-manylinux_2_17_x86_64.manylinux2014_x86_64.whl", hash = "sha256:cabcaa9ccf8089fb4fdb78d17cc0e28241520f50f4c2e88cb6261ed083d85151", size = 13132844, upload-time = "2025-10-16T18:05:16.1Z" },
    { url = "https://files.pythonhosted.org/packages/65/6e/d31ce218acc11a8d91ef208e002a31acf315061a85132f94f3df7a252b18/ruff-0.14.1-py3-none-manylinux_2_31_riscv64.whl", hash = "sha256:747d583400f6125ec11a4c14d1c8474bf75d8b419ad22a111a537ec1a952d192", size = 13401241, upload-time = "2025-10-16T18:05:19.395Z" },
    { url = "https://files.pythonhosted.org/packages/9f/b5/dbc4221bf0b03774b3b2f0d47f39e848d30664157c15b965a14d890637d2/ruff-0.14.1-py3-none-musllinux_1_2_aarch64.whl", hash = "sha256:5a6e74c0efd78515a1d13acbfe6c90f0f5bd822aa56b4a6d43a9ffb2ae6e56cd", size = 12132476, upload-time = "2025-10-16T18:05:22.163Z" },
    { url = "https://files.pythonhosted.org/packages/98/4b/ac99194e790ccd092d6a8b5f341f34b6e597d698e3077c032c502d75ea84/ruff-0.14.1-py3-none-musllinux_1_2_armv7l.whl", hash = "sha256:0ea6a864d2fb41a4b6d5b456ed164302a0d96f4daac630aeba829abfb059d020", size = 12139749, upload-time = "2025-10-16T18:05:25.162Z" },
    { url = "https://files.pythonhosted.org/packages/47/26/7df917462c3bb5004e6fdfcc505a49e90bcd8a34c54a051953118c00b53a/ruff-0.14.1-py3-none-musllinux_1_2_i686.whl", hash = "sha256:0826b8764f94229604fa255918d1cc45e583e38c21c203248b0bfc9a0e930be5", size = 12544758, upload-time = "2025-10-16T18:05:28.018Z" },
    { url = "https://files.pythonhosted.org/packages/64/d0/81e7f0648e9764ad9b51dd4be5e5dac3fcfff9602428ccbae288a39c2c22/ruff-0.14.1-py3-none-musllinux_1_2_x86_64.whl", hash = "sha256:cbc52160465913a1a3f424c81c62ac8096b6a491468e7d872cb9444a860bc33d", size = 13221811, upload-time = "2025-10-16T18:05:30.707Z" },
    { url = "https://files.pythonhosted.org/packages/c3/07/3c45562c67933cc35f6d5df4ca77dabbcd88fddaca0d6b8371693d29fd56/ruff-0.14.1-py3-none-win32.whl", hash = "sha256:e037ea374aaaff4103240ae79168c0945ae3d5ae8db190603de3b4012bd1def6", size = 12319467, upload-time = "2025-10-16T18:05:33.261Z" },
    { url = "https://files.pythonhosted.org/packages/02/88/0ee4ca507d4aa05f67e292d2e5eb0b3e358fbcfe527554a2eda9ac422d6b/ruff-0.14.1-py3-none-win_amd64.whl", hash = "sha256:59d599cdff9c7f925a017f6f2c256c908b094e55967f93f2821b1439928746a1", size = 13401123, upload-time = "2025-10-16T18:05:35.984Z" },
    { url = "https://files.pythonhosted.org/packages/b8/81/4b6387be7014858d924b843530e1b2a8e531846807516e9bea2ee0936bf7/ruff-0.14.1-py3-none-win_arm64.whl", hash = "sha256:e3b443c4c9f16ae850906b8d0a707b2a4c16f8d2f0a7fe65c475c5886665ce44", size = 12436636, upload-time = "2025-10-16T18:05:38.995Z" },
]

[[package]]
name = "rust-just"
version = "1.43.0"
source = { registry = "https://pypi.org/simple" }
sdist = { url = "https://files.pythonhosted.org/packages/38/6a/c3a30e58cee6c10c70736076f07291757ad6e69dc932b73b85a3840da672/rust_just-1.43.0.tar.gz", hash = "sha256:13802293226aa10371c9253484cfaa0326ee91cf941716cd21c4603fc5ad95be", size = 1427974, upload-time = "2025-09-28T01:58:49.087Z" }
wheels = [
    { url = "https://files.pythonhosted.org/packages/44/6c/81f0e898dada1a1d0a09d11a8e79063f252e659fa89236be300bcc8d09f7/rust_just-1.43.0-py3-none-macosx_10_12_x86_64.whl", hash = "sha256:b1da5ed623e3f06a5e1a9c6224131cf8cf2fc525e30433cfcb36c47c58867a39", size = 1637483, upload-time = "2025-09-28T01:58:09.682Z" },
    { url = "https://files.pythonhosted.org/packages/d5/c0/5c4d25706ca3e15f9c2f15ccbc67eb05994c2bebe91cc2b53d03a73bc172/rust_just-1.43.0-py3-none-macosx_11_0_arm64.whl", hash = "sha256:220e02d2e4f96391c570f5f0512a07aecb1e821a79d891b49143447e84623df1", size = 1501043, upload-time = "2025-09-28T01:58:12.474Z" },
    { url = "https://files.pythonhosted.org/packages/6a/53/dd02e206826377bf4828665dfb85d7cf4160450e036e0d2935319ad52c2b/rust_just-1.43.0-py3-none-manylinux_2_17_aarch64.manylinux2014_aarch64.whl", hash = "sha256:b68813174921b1ddbdd9f7580054e351f7873c145c45143d2209f876e60f9928", size = 1579751, upload-time = "2025-09-28T01:58:15.728Z" },
    { url = "https://files.pythonhosted.org/packages/7b/1c/f5bfb7bbe719d4937f0bb9cf3a49c6a01b007324fa386feb6a65c63ad425/rust_just-1.43.0-py3-none-manylinux_2_17_armv7l.manylinux2014_armv7l.whl", hash = "sha256:b43f3baf5171ffd87ee0d44b1163d145e2dacb0f0768476104c66a6ac147a896", size = 1564994, upload-time = "2025-09-28T01:58:18.597Z" },
    { url = "https://files.pythonhosted.org/packages/88/61/e3403f35ebb8f160bcb5c7f205f97f1f95618bded3f7d1b3a1614557864a/rust_just-1.43.0-py3-none-manylinux_2_17_i686.manylinux2014_i686.whl", hash = "sha256:10ef97e6eb822dfeec8f9cfcbfe04ffcaac0f2debef2ab36fb64fea6d805e4b2", size = 1736602, upload-time = "2025-09-28T01:58:21.429Z" },
    { url = "https://files.pythonhosted.org/packages/b0/c8/d282def394a98b3f02c24d60dec6cb4fe92fedd6e625386a52fb8361fd52/rust_just-1.43.0-py3-none-manylinux_2_17_ppc64le.manylinux2014_ppc64le.whl", hash = "sha256:19eba7954b25c4f9b458324c31b48dd3acf610657b45a2f1a14224f68a95bfea", size = 1815227, upload-time = "2025-09-28T01:58:24.249Z" },
    { url = "https://files.pythonhosted.org/packages/a1/1f/fcd2c1134406a4bb5dc92289402be17c6b9c4646231316462664360b9648/rust_just-1.43.0-py3-none-manylinux_2_17_s390x.manylinux2014_s390x.whl", hash = "sha256:670a30f9754f21433baeaf414991ffd8313232c2267c7f29da4c775819ae9ea6", size = 1851551, upload-time = "2025-09-28T01:58:27.134Z" },
    { url = "https://files.pythonhosted.org/packages/50/c1/0df8e7bc69663d330892554a7cd3b0a3748918e9362d011bed0851e39942/rust_just-1.43.0-py3-none-manylinux_2_17_x86_64.manylinux2014_x86_64.whl", hash = "sha256:c1d89a734f74fbda49c1be8c916ec090d9ece7a81cec3b884d140a025c125c5a", size = 1722046, upload-time = "2025-09-28T01:58:29.949Z" },
    { url = "https://files.pythonhosted.org/packages/5d/eb/b4a7701b4d29adb79fd8079ee0c19b5704ec1d55f4bfdec5ad69b76d43e2/rust_just-1.43.0-py3-none-musllinux_1_2_aarch64.whl", hash = "sha256:bda375fd508d0cdd1326c48f6e9929244c77db203c328b94d475b3767de8234c", size = 1594521, upload-time = "2025-09-28T01:58:33.094Z" },
    { url = "https://files.pythonhosted.org/packages/0d/27/201d6364ff76df3cafaf1ecc77e0b6216703558b33b141145476a198d22c/rust_just-1.43.0-py3-none-musllinux_1_2_armv7l.whl", hash = "sha256:8013cbc6fed0edefc5e465acf7e4d30021e97dd63a0230de57ba4c4ca1b58480", size = 1583098, upload-time = "2025-09-28T01:58:36.003Z" },
    { url = "https://files.pythonhosted.org/packages/28/11/fbf1274e8b253856fc8ca9182ee1a735a1c60affc5f499df5cc71dc73f9f/rust_just-1.43.0-py3-none-musllinux_1_2_i686.whl", hash = "sha256:c45cf5f81de76ccb53069e247657cfb4a54b915799fdc79376ae6b395c3c5c7a", size = 1725363, upload-time = "2025-09-28T01:58:38.514Z" },
    { url = "https://files.pythonhosted.org/packages/c8/4e/c548a8054a4e4eccb139ff20616f20963f3285086adfc77b6d8508ef06d7/rust_just-1.43.0-py3-none-musllinux_1_2_x86_64.whl", hash = "sha256:d9755908c74b54479a60284663d3eb6a15f980ecdbe23a25a87b68294a38798a", size = 1789152, upload-time = "2025-09-28T01:58:41.105Z" },
    { url = "https://files.pythonhosted.org/packages/02/fe/6915aec2576c8e417089be715688e6483c1f4022da345b6a86016db6474d/rust_just-1.43.0-py3-none-win32.whl", hash = "sha256:70cd83bf6dcbca3f3fd8fd886e00a83fc75355c13443430b7cd642fee03de3b4", size = 1528946, upload-time = "2025-09-28T01:58:43.98Z" },
    { url = "https://files.pythonhosted.org/packages/37/c9/b7bce617fe77201494d751d02c9a16b27730fde9016256984dd7da1c32a5/rust_just-1.43.0-py3-none-win_amd64.whl", hash = "sha256:e7f98c68078f0cc129fdcd68e721fd6afc9dc55dda080bf29f6101ba097fd8a4", size = 1662346, upload-time = "2025-09-28T01:58:46.39Z" },
]

[[package]]
name = "ty"
version = "0.0.1a23"
source = { registry = "https://pypi.org/simple" }
sdist = { url = "https://files.pythonhosted.org/packages/5f/98/e9c6cc74e7f81d49f1c06db3a455a5bff6d9e47b73408d053e81daef77fb/ty-0.0.1a23.tar.gz", hash = "sha256:d3b4a81b47f306f571fd99bc71a4fa5607eae61079a18e77fadcf8401b19a6c9", size = 4360335, upload-time = "2025-10-16T18:18:59.475Z" }
wheels = [
    { url = "https://files.pythonhosted.org/packages/9c/45/d662cd4c0c5f6254c4ff0d05edad9cbbac23e01bb277602eaed276bb53ba/ty-0.0.1a23-py3-none-linux_armv6l.whl", hash = "sha256:7c76debd57623ac8712a9d2a32529a2b98915434aa3521cab92318bfe3f34dfc", size = 8735928, upload-time = "2025-10-16T18:18:23.161Z" },
    { url = "https://files.pythonhosted.org/packages/db/89/8aa7c303a55181fc121ecce143464a156b51f03481607ef0f58f67dc936c/ty-0.0.1a23-py3-none-macosx_10_12_x86_64.whl", hash = "sha256:1d9b63c72cb94bcfe8f36b4527fd18abc46bdecc8f774001bcf7a8dd83e8c81a", size = 8584084, upload-time = "2025-10-16T18:18:25.579Z" },
    { url = "https://files.pythonhosted.org/packages/02/43/7a3bec50f440028153c0ee0044fd47e409372d41012f5f6073103a90beac/ty-0.0.1a23-py3-none-macosx_11_0_arm64.whl", hash = "sha256:1a875135cdb77b60280eb74d3c97ce3c44f872bf4176f5e71602a0a9401341ca", size = 8061268, upload-time = "2025-10-16T18:18:27.668Z" },
    { url = "https://files.pythonhosted.org/packages/7c/c2/75ddb10084cc7da8de077ae09fe5d8d76fec977c2ab71929c21b6fea622f/ty-0.0.1a23-py3-none-manylinux_2_17_aarch64.manylinux2014_aarch64.whl", hash = "sha256:9ddf5f4d057a023409a926e3be5ba0388aa8c93a01ddc6c87cca03af22c78a0c", size = 8319954, upload-time = "2025-10-16T18:18:29.54Z" },
    { url = "https://files.pythonhosted.org/packages/b2/57/0762763e9a29a1bd393b804a950c03d9ceb18aaf5e5baa7122afc50c2387/ty-0.0.1a23-py3-none-manylinux_2_17_armv7l.manylinux2014_armv7l.whl", hash = "sha256:ad89d894ef414d5607c3611ab68298581a444fd51570e0e4facdd7c8e8856748", size = 8550745, upload-time = "2025-10-16T18:18:31.548Z" },
    { url = "https://files.pythonhosted.org/packages/89/0a/855ca77e454955acddba2149ad7fe20fd24946289b8fd1d66b025b2afef1/ty-0.0.1a23-py3-none-manylinux_2_17_i686.manylinux2014_i686.whl", hash = "sha256:6306ad146748390675871b0c7731e595ceb2241724bc7d2d46e56f392949fbb9", size = 8899930, upload-time = "2025-10-16T18:18:34.003Z" },
    { url = "https://files.pythonhosted.org/packages/ad/f0/9282da70da435d1890c5b1dff844a3139fc520d0a61747bb1e84fbf311d5/ty-0.0.1a23-py3-none-manylinux_2_17_ppc64.manylinux2014_ppc64.whl", hash = "sha256:fa2155c0a66faeb515b88d7dc6b9f3fb393373798e97c01f05b1436c60d2c6b1", size = 9561714, upload-time = "2025-10-16T18:18:36.238Z" },
    { url = "https://files.pythonhosted.org/packages/b8/95/ffea2138629875a2083ccc64cc80585ecf0e487500835fe7c1b6f6305bf8/ty-0.0.1a23-py3-none-manylinux_2_17_ppc64le.manylinux2014_ppc64le.whl", hash = "sha256:d7d75d1f264afbe9a294d88e1e7736c003567a74f3a433c72231c36999a61e42", size = 9231064, upload-time = "2025-10-16T18:18:38.877Z" },
    { url = "https://files.pythonhosted.org/packages/ff/92/dac340d2d10e81788801e7580bad0168b190ba5a5c6cf6e4f798e094ee80/ty-0.0.1a23-py3-none-manylinux_2_17_s390x.manylinux2014_s390x.whl", hash = "sha256:af8eb2341e804f8e1748b6d638a314102020dca5591cacae67fe420211d59369", size = 9428468, upload-time = "2025-10-16T18:18:40.984Z" },
    { url = "https://files.pythonhosted.org/packages/37/21/d376393ecaf26cb84aa475f46137a59ae6d50508acbf1a044d414d8f6d47/ty-0.0.1a23-py3-none-manylinux_2_17_x86_64.manylinux2014_x86_64.whl", hash = "sha256:e7516ee783ba3eba373fb82db8b989a14ed8620a45a9bb6e3a90571bc83b3e2a", size = 8880687, upload-time = "2025-10-16T18:18:43.34Z" },
    { url = "https://files.pythonhosted.org/packages/fd/f4/7cf58a02e0a8d062dd20d7816396587faba9ddfe4098ee88bb6ee3c272d4/ty-0.0.1a23-py3-none-musllinux_1_2_aarch64.whl", hash = "sha256:6c8f9a861b51bbcf10f35d134a3c568a79a3acd3b0f2f1c004a2ccb00efdf7c1", size = 8281532, upload-time = "2025-10-16T18:18:45.806Z" },
    { url = "https://files.pythonhosted.org/packages/14/1b/ae616bbc4588b50ff1875588e734572a2b00102415e131bc20d794827865/ty-0.0.1a23-py3-none-musllinux_1_2_armv7l.whl", hash = "sha256:d44a7ca68f4e79e7f06f23793397edfa28c2ac38e1330bf7100dce93015e412a", size = 8579585, upload-time = "2025-10-16T18:18:47.638Z" },
    { url = "https://files.pythonhosted.org/packages/b5/0c/3f4fc4721eb34abd7d86b43958b741b73727c9003f9977bacc3c91b3d7ca/ty-0.0.1a23-py3-none-musllinux_1_2_i686.whl", hash = "sha256:80a6818b22b25a27d5761a3cf377784f07d7a799f24b3ebcf9b4144b35b88871", size = 8675719, upload-time = "2025-10-16T18:18:49.536Z" },
    { url = "https://files.pythonhosted.org/packages/60/36/07d2c4e0230407419c10d3aa7c5035e023d9f70f07f4da2266fa0108109c/ty-0.0.1a23-py3-none-musllinux_1_2_x86_64.whl", hash = "sha256:ef52c927ed6b5ebec290332ded02ce49ffdb3576683920b7013a7b2cd6bd5685", size = 8978349, upload-time = "2025-10-16T18:18:51.299Z" },
    { url = "https://files.pythonhosted.org/packages/7b/f9/abf666971434ea259a8d2006d2943eac0727a14aeccd24359341d377c2d1/ty-0.0.1a23-py3-none-win32.whl", hash = "sha256:0cc7500131a6a533d4000401026427cd538e33fda4e9004d7ad0db5a6f5500b1", size = 8279664, upload-time = "2025-10-16T18:18:53.132Z" },
    { url = "https://files.pythonhosted.org/packages/c6/3d/cb99e90adba6296f260ceaf3d02cc20563ec623b23a92ab94d17791cb537/ty-0.0.1a23-py3-none-win_amd64.whl", hash = "sha256:c89564e90dcc2f9564564d4a02cd703ed71cd9ccbb5a6a38ee49c44d86375f24", size = 8912398, upload-time = "2025-10-16T18:18:55.585Z" },
    { url = "https://files.pythonhosted.org/packages/77/33/9fffb57f66317082fe3de4d08bb71557105c47676a114bdc9d52f6d3a910/ty-0.0.1a23-py3-none-win_arm64.whl", hash = "sha256:71aa203d6ae4de863a7f4626a8fe5f723beaa219988d176a6667f021b78a2af3", size = 8400343, upload-time = "2025-10-16T18:18:57.387Z" },
]

[[package]]
name = "ybml"
version = "0.1.0"
source = { virtual = "." }

[package.dev-dependencies]
dev = [
    { name = "pytest" },
    { name = "ruff" },
    { name = "rust-just" },
    { name = "ty" },
]

[package.metadata]

[package.metadata.requires-dev]
dev = [
    { name = "pytest", specifier = ">=8.4.2" },
    { name = "ruff", specifier = ">=0.14.1" },
    { name = "rust-just", specifier = ">=1.43.0" },
    { name = "ty", specifier = ">=0.0.1a23" },
]
